<?xml version="1.0" encoding="utf-8"?>
<Project ToolsVersion="4.0" xmlns="http://schemas.microsoft.com/developer/msbuild/2003">
  <ItemGroup>
    <Filter Include="PalmTree">
      <UniqueIdentifier>{7F6AE87E-6B37-438A-9450-3132807C7818}</UniqueIdentifier>
    </Filter>
  </ItemGroup>
  <ItemGroup>
    <ClInclude Include="src\PalmTree.h" />
    <ClInclude Include="src\PalmTree\Application.h">
      <Filter>PalmTree</Filter>
    </ClInclude>
    <ClInclude Include="src\PalmTree\Core.h">
      <Filter>PalmTree</Filter>
    </ClInclude>
    <ClInclude Include="src\PalmTree\EntryPoint.h">
      <Filter>PalmTree</Filter>
    </ClInclude>
    <ClInclude Include="src\PalmTree\Log.h">
      <Filter>PalmTree</Filter>
    </ClInclude>
  </ItemGroup>
  <ItemGroup>
    <ClCompile Include="src\PalmTree\Application.cpp">
      <Filter>PalmTree</Filter>
    </ClCompile>
    <ClCompile Include="src\PalmTree\Log.cpp">
      <Filter>PalmTree</Filter>
    </ClCompile>
  </ItemGroup>
</Project>